
Microsoft Visual Studio Solution File, Format Version 12.00
# Visual Studio Version 17
VisualStudioVersion = 17.2.32616.157
MinimumVisualStudioVersion = 10.0.40219.1
Project("{9A19103F-16F7-4668-BE54-9A1E7A4F7556}") = "SyncFusionTreeListInXafBlazor.Module", "SyncFusionTreeListInXafBlazor.Module\SyncFusionTreeListInXafBlazor.Module.csproj", "{1BF70EDE-EE47-498B-812F-1942FBFFA2E1}"
EndProject
Project("{9A19103F-16F7-4668-BE54-9A1E7A4F7556}") = "SyncFusionTreeListInXafBlazor.Blazor.Server", "SyncFusionTreeListInXafBlazor.Blazor.Server\SyncFusionTreeListInXafBlazor.Blazor.Server.csproj", "{2067D405-4B2B-440C-BBA4-5D2F09E9F461}"
EndProject
Global
	GlobalSection(SolutionConfigurationPlatforms) = preSolution
		Debug|Any CPU = Debug|Any CPU
		EasyTest|Any CPU = EasyTest|Any CPU
		Release|Any CPU = Release|Any CPU
	EndGlobalSection
	GlobalSection(ProjectConfigurationPlatforms) = postSolution
		{1BF70EDE-EE47-498B-812F-1942FBFFA2E1}.Debug|Any CPU.ActiveCfg = Debug|Any CPU
		{1BF70EDE-EE47-498B-812F-1942FBFFA2E1}.Debug|Any CPU.Build.0 = Debug|Any CPU
		{1BF70EDE-EE47-498B-812F-1942FBFFA2E1}.EasyTest|Any CPU.ActiveCfg = EasyTest|Any CPU
		{1BF70EDE-EE47-498B-812F-1942FBFFA2E1}.EasyTest|Any CPU.Build.0 = EasyTest|Any CPU
		{1BF70EDE-EE47-498B-812F-1942FBFFA2E1}.Release|Any CPU.ActiveCfg = Release|Any CPU
		{1BF70EDE-EE47-498B-812F-1942FBFFA2E1}.Release|Any CPU.Build.0 = Release|Any CPU
		{2067D405-4B2B-440C-BBA4-5D2F09E9F461}.Debug|Any CPU.ActiveCfg = Debug|Any CPU
		{2067D405-4B2B-440C-BBA4-5D2F09E9F461}.Debug|Any CPU.Build.0 = Debug|Any CPU
		{2067D405-4B2B-440C-BBA4-5D2F09E9F461}.EasyTest|Any CPU.ActiveCfg = EasyTest|Any CPU
		{2067D405-4B2B-440C-BBA4-5D2F09E9F461}.EasyTest|Any CPU.Build.0 = EasyTest|Any CPU
		{2067D405-4B2B-440C-BBA4-5D2F09E9F461}.Release|Any CPU.ActiveCfg = Release|Any CPU
		{2067D405-4B2B-440C-BBA4-5D2F09E9F461}.Release|Any CPU.Build.0 = Release|Any CPU
	EndGlobalSection
	GlobalSection(SolutionProperties) = preSolution
		HideSolutionNode = FALSE
	EndGlobalSection
	GlobalSection(ExtensibilityGlobals) = postSolution
		SolutionGuid = {EAE1600A-0DF6-4ECB-BF4A-3A31D369B48B}
	EndGlobalSection
EndGlobal
